
Microsoft Visual Studio Solution File, Format Version 11.00
# Visual Studio 2010
Project("{FAE04EC0-301F-11D3-BF4B-00C04F79EFBC}") = "Etzel", "Etzel.csproj", "{5D6ADD48-D046-48C0-A4B4-2961CFD98CA4}"
EndProject
Global
	GlobalSection(SolutionConfigurationPlatforms) = preSolution
		Debug|Any CPU = Debug|Any CPU
		Release|Any CPU = Release|Any CPU
	EndGlobalSection
	GlobalSection(ProjectConfigurationPlatforms) = postSolution
		{5D6ADD48-D046-48C0-A4B4-2961CFD98CA4}.Debug|Any CPU.ActiveCfg = Debug|Any CPU
		{5D6ADD48-D046-48C0-A4B4-2961CFD98CA4}.Debug|Any CPU.Build.0 = Debug|Any CPU
		{5D6ADD48-D046-48C0-A4B4-2961CFD98CA4}.Release|Any CPU.ActiveCfg = Release|Any CPU
		{5D6ADD48-D046-48C0-A4B4-2961CFD98CA4}.Release|Any CPU.Build.0 = Release|Any CPU
	EndGlobalSection
	GlobalSection(MonoDevelopProperties) = preSolution
		StartupItem = Etzel.csproj
	EndGlobalSection
EndGlobal
